
Microsoft Visual Studio Solution File, Format Version 12.00
# Visual Studio Version 17
VisualStudioVersion = 17.6.33815.320
MinimumVisualStudioVersion = 10.0.40219.1
Project("{FAE04EC0-301F-11D3-BF4B-00C04F79EFBC}") = "XamDummy.UWP", "XamDummy\XamDummy.UWP\XamDummy.UWP.csproj", "{DBB1D698-73D1-421D-B458-029A140554A5}"
EndProject
Project("{FAE04EC0-301F-11D3-BF4B-00C04F79EFBC}") = "XamDummy.Android", "XamDummy\XamDummy.Android\XamDummy.Android.csproj", "{A379A30E-EA46-4A52-B2DC-CB21B0A44F96}"
EndProject
Project("{FAE04EC0-301F-11D3-BF4B-00C04F79EFBC}") = "XamDummy.iOS", "XamDummy\XamDummy.iOS\XamDummy.iOS.csproj", "{98B42180-0419-48DC-8FEC-369B785AEC86}"
EndProject
Project("{FAE04EC0-301F-11D3-BF4B-00C04F79EFBC}") = "XamDummy", "XamDummy\XamDummy\XamDummy.csproj", "{D330484A-9123-48BB-8BB0-FE2BD8F19909}"
EndProject
Global
	GlobalSection(SolutionConfigurationPlatforms) = preSolution
		Debug|Any CPU = Debug|Any CPU
		Debug|ARM = Debug|ARM
		Debug|iPhone = Debug|iPhone
		Debug|iPhoneSimulator = Debug|iPhoneSimulator
		Debug|x64 = Debug|x64
		Debug|x86 = Debug|x86
		Release|Any CPU = Release|Any CPU
		Release|ARM = Release|ARM
		Release|iPhone = Release|iPhone
		Release|iPhoneSimulator = Release|iPhoneSimulator
		Release|x64 = Release|x64
		Release|x86 = Release|x86
	EndGlobalSection
	GlobalSection(ProjectConfigurationPlatforms) = postSolution
		{DBB1D698-73D1-421D-B458-029A140554A5}.Debug|Any CPU.ActiveCfg = Debug|x64
		{DBB1D698-73D1-421D-B458-029A140554A5}.Debug|Any CPU.Build.0 = Debug|x64
		{DBB1D698-73D1-421D-B458-029A140554A5}.Debug|Any CPU.Deploy.0 = Debug|x64
		{DBB1D698-73D1-421D-B458-029A140554A5}.Debug|ARM.ActiveCfg = Debug|ARM
		{DBB1D698-73D1-421D-B458-029A140554A5}.Debug|ARM.Build.0 = Debug|ARM
		{DBB1D698-73D1-421D-B458-029A140554A5}.Debug|ARM.Deploy.0 = Debug|ARM
		{DBB1D698-73D1-421D-B458-029A140554A5}.Debug|iPhone.ActiveCfg = Debug|x64
		{DBB1D698-73D1-421D-B458-029A140554A5}.Debug|iPhone.Build.0 = Debug|x64
		{DBB1D698-73D1-421D-B458-029A140554A5}.Debug|iPhone.Deploy.0 = Debug|x64
		{DBB1D698-73D1-421D-B458-029A140554A5}.Debug|iPhoneSimulator.ActiveCfg = Debug|x64
		{DBB1D698-73D1-421D-B458-029A140554A5}.Debug|iPhoneSimulator.Build.0 = Debug|x64
		{DBB1D698-73D1-421D-B458-029A140554A5}.Debug|iPhoneSimulator.Deploy.0 = Debug|x64
		{DBB1D698-73D1-421D-B458-029A140554A5}.Debug|x64.ActiveCfg = Debug|x64
		{DBB1D698-73D1-421D-B458-029A140554A5}.Debug|x64.Build.0 = Debug|x64
		{DBB1D698-73D1-421D-B458-029A140554A5}.Debug|x64.Deploy.0 = Debug|x64
		{DBB1D698-73D1-421D-B458-029A140554A5}.Debug|x86.ActiveCfg = Debug|x86
		{DBB1D698-73D1-421D-B458-029A140554A5}.Debug|x86.Build.0 = Debug|x86
		{DBB1D698-73D1-421D-B458-029A140554A5}.Debug|x86.Deploy.0 = Debug|x86
		{DBB1D698-73D1-421D-B458-029A140554A5}.Release|Any CPU.ActiveCfg = Release|x64
		{DBB1D698-73D1-421D-B458-029A140554A5}.Release|Any CPU.Build.0 = Release|x64
		{DBB1D698-73D1-421D-B458-029A140554A5}.Release|Any CPU.Deploy.0 = Release|x64
		{DBB1D698-73D1-421D-B458-029A140554A5}.Release|ARM.ActiveCfg = Release|ARM
		{DBB1D698-73D1-421D-B458-029A140554A5}.Release|ARM.Build.0 = Release|ARM
		{DBB1D698-73D1-421D-B458-029A140554A5}.Release|ARM.Deploy.0 = Release|ARM
		{DBB1D698-73D1-421D-B458-029A140554A5}.Release|iPhone.ActiveCfg = Release|x64
		{DBB1D698-73D1-421D-B458-029A140554A5}.Release|iPhone.Build.0 = Release|x64
		{DBB1D698-73D1-421D-B458-029A140554A5}.Release|iPhone.Deploy.0 = Release|x64
		{DBB1D698-73D1-421D-B458-029A140554A5}.Release|iPhoneSimulator.ActiveCfg = Release|x64
		{DBB1D698-73D1-421D-B458-029A140554A5}.Release|iPhoneSimulator.Build.0 = Release|x64
		{DBB1D698-73D1-421D-B458-029A140554A5}.Release|iPhoneSimulator.Deploy.0 = Release|x64
		{DBB1D698-73D1-421D-B458-029A140554A5}.Release|x64.ActiveCfg = Release|x64
		{DBB1D698-73D1-421D-B458-029A140554A5}.Release|x64.Build.0 = Release|x64
		{DBB1D698-73D1-421D-B458-029A140554A5}.Release|x64.Deploy.0 = Release|x64
		{DBB1D698-73D1-421D-B458-029A140554A5}.Release|x86.ActiveCfg = Release|x86
		{DBB1D698-73D1-421D-B458-029A140554A5}.Release|x86.Build.0 = Release|x86
		{DBB1D698-73D1-421D-B458-029A140554A5}.Release|x86.Deploy.0 = Release|x86
		{A379A30E-EA46-4A52-B2DC-CB21B0A44F96}.Debug|Any CPU.ActiveCfg = Debug|Any CPU
		{A379A30E-EA46-4A52-B2DC-CB21B0A44F96}.Debug|Any CPU.Build.0 = Debug|Any CPU
		{A379A30E-EA46-4A52-B2DC-CB21B0A44F96}.Debug|Any CPU.Deploy.0 = Debug|Any CPU
		{A379A30E-EA46-4A52-B2DC-CB21B0A44F96}.Debug|ARM.ActiveCfg = Debug|Any CPU
		{A379A30E-EA46-4A52-B2DC-CB21B0A44F96}.Debug|ARM.Build.0 = Debug|Any CPU
		{A379A30E-EA46-4A52-B2DC-CB21B0A44F96}.Debug|ARM.Deploy.0 = Debug|Any CPU
		{A379A30E-EA46-4A52-B2DC-CB21B0A44F96}.Debug|iPhone.ActiveCfg = Debug|Any CPU
		{A379A30E-EA46-4A52-B2DC-CB21B0A44F96}.Debug|iPhone.Build.0 = Debug|Any CPU
		{A379A30E-EA46-4A52-B2DC-CB21B0A44F96}.Debug|iPhone.Deploy.0 = Debug|Any CPU
		{A379A30E-EA46-4A52-B2DC-CB21B0A44F96}.Debug|iPhoneSimulator.ActiveCfg = Debug|Any CPU
		{A379A30E-EA46-4A52-B2DC-CB21B0A44F96}.Debug|iPhoneSimulator.Build.0 = Debug|Any CPU
		{A379A30E-EA46-4A52-B2DC-CB21B0A44F96}.Debug|iPhoneSimulator.Deploy.0 = Debug|Any CPU
		{A379A30E-EA46-4A52-B2DC-CB21B0A44F96}.Debug|x64.ActiveCfg = Debug|Any CPU
		{A379A30E-EA46-4A52-B2DC-CB21B0A44F96}.Debug|x64.Build.0 = Debug|Any CPU
		{A379A30E-EA46-4A52-B2DC-CB21B0A44F96}.Debug|x64.Deploy.0 = Debug|Any CPU
		{A379A30E-EA46-4A52-B2DC-CB21B0A44F96}.Debug|x86.ActiveCfg = Debug|Any CPU
		{A379A30E-EA46-4A52-B2DC-CB21B0A44F96}.Debug|x86.Build.0 = Debug|Any CPU
		{A379A30E-EA46-4A52-B2DC-CB21B0A44F96}.Debug|x86.Deploy.0 = Debug|Any CPU
		{A379A30E-EA46-4A52-B2DC-CB21B0A44F96}.Release|Any CPU.ActiveCfg = Release|Any CPU
		{A379A30E-EA46-4A52-B2DC-CB21B0A44F96}.Release|Any CPU.Build.0 = Release|Any CPU
		{A379A30E-EA46-4A52-B2DC-CB21B0A44F96}.Release|Any CPU.Deploy.0 = Release|Any CPU
		{A379A30E-EA46-4A52-B2DC-CB21B0A44F96}.Release|ARM.ActiveCfg = Release|Any CPU
		{A379A30E-EA46-4A52-B2DC-CB21B0A44F96}.Release|ARM.Build.0 = Release|Any CPU
		{A379A30E-EA46-4A52-B2DC-CB21B0A44F96}.Release|ARM.Deploy.0 = Release|Any CPU
		{A379A30E-EA46-4A52-B2DC-CB21B0A44F96}.Release|iPhone.ActiveCfg = Release|Any CPU
		{A379A30E-EA46-4A52-B2DC-CB21B0A44F96}.Release|iPhone.Build.0 = Release|Any CPU
		{A379A30E-EA46-4A52-B2DC-CB21B0A44F96}.Release|iPhone.Deploy.0 = Release|Any CPU
		{A379A30E-EA46-4A52-B2DC-CB21B0A44F96}.Release|iPhoneSimulator.ActiveCfg = Release|Any CPU
		{A379A30E-EA46-4A52-B2DC-CB21B0A44F96}.Release|iPhoneSimulator.Build.0 = Release|Any CPU
		{A379A30E-EA46-4A52-B2DC-CB21B0A44F96}.Release|iPhoneSimulator.Deploy.0 = Release|Any CPU
		{A379A30E-EA46-4A52-B2DC-CB21B0A44F96}.Release|x64.ActiveCfg = Release|Any CPU
		{A379A30E-EA46-4A52-B2DC-CB21B0A44F96}.Release|x64.Build.0 = Release|Any CPU
		{A379A30E-EA46-4A52-B2DC-CB21B0A44F96}.Release|x64.Deploy.0 = Release|Any CPU
		{A379A30E-EA46-4A52-B2DC-CB21B0A44F96}.Release|x86.ActiveCfg = Release|Any CPU
		{A379A30E-EA46-4A52-B2DC-CB21B0A44F96}.Release|x86.Build.0 = Release|Any CPU
		{A379A30E-EA46-4A52-B2DC-CB21B0A44F96}.Release|x86.Deploy.0 = Release|Any CPU
		{98B42180-0419-48DC-8FEC-369B785AEC86}.Debug|Any CPU.ActiveCfg = Debug|iPhoneSimulator
		{98B42180-0419-48DC-8FEC-369B785AEC86}.Debug|Any CPU.Build.0 = Debug|iPhoneSimulator
		{98B42180-0419-48DC-8FEC-369B785AEC86}.Debug|Any CPU.Deploy.0 = Debug|iPhoneSimulator
		{98B42180-0419-48DC-8FEC-369B785AEC86}.Debug|ARM.ActiveCfg = Debug|iPhoneSimulator
		{98B42180-0419-48DC-8FEC-369B785AEC86}.Debug|ARM.Build.0 = Debug|iPhoneSimulator
		{98B42180-0419-48DC-8FEC-369B785AEC86}.Debug|ARM.Deploy.0 = Debug|iPhoneSimulator
		{98B42180-0419-48DC-8FEC-369B785AEC86}.Debug|iPhone.ActiveCfg = Debug|iPhone
		{98B42180-0419-48DC-8FEC-369B785AEC86}.Debug|iPhone.Build.0 = Debug|iPhone
		{98B42180-0419-48DC-8FEC-369B785AEC86}.Debug|iPhone.Deploy.0 = Debug|iPhone
		{98B42180-0419-48DC-8FEC-369B785AEC86}.Debug|iPhoneSimulator.ActiveCfg = Debug|iPhoneSimulator
		{98B42180-0419-48DC-8FEC-369B785AEC86}.Debug|iPhoneSimulator.Build.0 = Debug|iPhoneSimulator
		{98B42180-0419-48DC-8FEC-369B785AEC86}.Debug|iPhoneSimulator.Deploy.0 = Debug|iPhoneSimulator
		{98B42180-0419-48DC-8FEC-369B785AEC86}.Debug|x64.ActiveCfg = Debug|iPhone
		{98B42180-0419-48DC-8FEC-369B785AEC86}.Debug|x64.Build.0 = Debug|iPhone
		{98B42180-0419-48DC-8FEC-369B785AEC86}.Debug|x64.Deploy.0 = Debug|iPhone
		{98B42180-0419-48DC-8FEC-369B785AEC86}.Debug|x86.ActiveCfg = Debug|iPhoneSimulator
		{98B42180-0419-48DC-8FEC-369B785AEC86}.Debug|x86.Build.0 = Debug|iPhoneSimulator
		{98B42180-0419-48DC-8FEC-369B785AEC86}.Debug|x86.Deploy.0 = Debug|iPhoneSimulator
		{98B42180-0419-48DC-8FEC-369B785AEC86}.Release|Any CPU.ActiveCfg = Release|iPhoneSimulator
		{98B42180-0419-48DC-8FEC-369B785AEC86}.Release|Any CPU.Build.0 = Release|iPhoneSimulator
		{98B42180-0419-48DC-8FEC-369B785AEC86}.Release|Any CPU.Deploy.0 = Release|iPhoneSimulator
		{98B42180-0419-48DC-8FEC-369B785AEC86}.Release|ARM.ActiveCfg = Release|iPhoneSimulator
		{98B42180-0419-48DC-8FEC-369B785AEC86}.Release|ARM.Build.0 = Release|iPhoneSimulator
		{98B42180-0419-48DC-8FEC-369B785AEC86}.Release|ARM.Deploy.0 = Release|iPhoneSimulator
		{98B42180-0419-48DC-8FEC-369B785AEC86}.Release|iPhone.ActiveCfg = Release|iPhone
		{98B42180-0419-48DC-8FEC-369B785AEC86}.Release|iPhone.Build.0 = Release|iPhone
		{98B42180-0419-48DC-8FEC-369B785AEC86}.Release|iPhone.Deploy.0 = Release|iPhone
		{98B42180-0419-48DC-8FEC-369B785AEC86}.Release|iPhoneSimulator.ActiveCfg = Release|iPhoneSimulator
		{98B42180-0419-48DC-8FEC-369B785AEC86}.Release|iPhoneSimulator.Build.0 = Release|iPhoneSimulator
		{98B42180-0419-48DC-8FEC-369B785AEC86}.Release|iPhoneSimulator.Deploy.0 = Release|iPhoneSimulator
		{98B42180-0419-48DC-8FEC-369B785AEC86}.Release|x64.ActiveCfg = Release|iPhoneSimulator
		{98B42180-0419-48DC-8FEC-369B785AEC86}.Release|x64.Build.0 = Release|iPhoneSimulator
		{98B42180-0419-48DC-8FEC-369B785AEC86}.Release|x64.Deploy.0 = Release|iPhoneSimulator
		{98B42180-0419-48DC-8FEC-369B785AEC86}.Release|x86.ActiveCfg = Release|iPhoneSimulator
		{98B42180-0419-48DC-8FEC-369B785AEC86}.Release|x86.Build.0 = Release|iPhoneSimulator
		{98B42180-0419-48DC-8FEC-369B785AEC86}.Release|x86.Deploy.0 = Release|iPhoneSimulator
		{D330484A-9123-48BB-8BB0-FE2BD8F19909}.Debug|Any CPU.ActiveCfg = Debug|Any CPU
		{D330484A-9123-48BB-8BB0-FE2BD8F19909}.Debug|Any CPU.Build.0 = Debug|Any CPU
		{D330484A-9123-48BB-8BB0-FE2BD8F19909}.Debug|Any CPU.Deploy.0 = Debug|Any CPU
		{D330484A-9123-48BB-8BB0-FE2BD8F19909}.Debug|ARM.ActiveCfg = Debug|Any CPU
		{D330484A-9123-48BB-8BB0-FE2BD8F19909}.Debug|ARM.Build.0 = Debug|Any CPU
		{D330484A-9123-48BB-8BB0-FE2BD8F19909}.Debug|ARM.Deploy.0 = Debug|Any CPU
		{D330484A-9123-48BB-8BB0-FE2BD8F19909}.Debug|iPhone.ActiveCfg = Debug|Any CPU
		{D330484A-9123-48BB-8BB0-FE2BD8F19909}.Debug|iPhone.Build.0 = Debug|Any CPU
		{D330484A-9123-48BB-8BB0-FE2BD8F19909}.Debug|iPhone.Deploy.0 = Debug|Any CPU
		{D330484A-9123-48BB-8BB0-FE2BD8F19909}.Debug|iPhoneSimulator.ActiveCfg = Debug|Any CPU
		{D330484A-9123-48BB-8BB0-FE2BD8F19909}.Debug|iPhoneSimulator.Build.0 = Debug|Any CPU
		{D330484A-9123-48BB-8BB0-FE2BD8F19909}.Debug|iPhoneSimulator.Deploy.0 = Debug|Any CPU
		{D330484A-9123-48BB-8BB0-FE2BD8F19909}.Debug|x64.ActiveCfg = Debug|Any CPU
		{D330484A-9123-48BB-8BB0-FE2BD8F19909}.Debug|x64.Build.0 = Debug|Any CPU
		{D330484A-9123-48BB-8BB0-FE2BD8F19909}.Debug|x64.Deploy.0 = Debug|Any CPU
		{D330484A-9123-48BB-8BB0-FE2BD8F19909}.Debug|x86.ActiveCfg = Debug|Any CPU
		{D330484A-9123-48BB-8BB0-FE2BD8F19909}.Debug|x86.Build.0 = Debug|Any CPU
		{D330484A-9123-48BB-8BB0-FE2BD8F19909}.Debug|x86.Deploy.0 = Debug|Any CPU
		{D330484A-9123-48BB-8BB0-FE2BD8F19909}.Release|Any CPU.ActiveCfg = Release|Any CPU
		{D330484A-9123-48BB-8BB0-FE2BD8F19909}.Release|Any CPU.Build.0 = Release|Any CPU
		{D330484A-9123-48BB-8BB0-FE2BD8F19909}.Release|Any CPU.Deploy.0 = Release|Any CPU
		{D330484A-9123-48BB-8BB0-FE2BD8F19909}.Release|ARM.ActiveCfg = Release|Any CPU
		{D330484A-9123-48BB-8BB0-FE2BD8F19909}.Release|ARM.Build.0 = Release|Any CPU
		{D330484A-9123-48BB-8BB0-FE2BD8F19909}.Release|ARM.Deploy.0 = Release|Any CPU
		{D330484A-9123-48BB-8BB0-FE2BD8F19909}.Release|iPhone.ActiveCfg = Release|Any CPU
		{D330484A-9123-48BB-8BB0-FE2BD8F19909}.Release|iPhone.Build.0 = Release|Any CPU
		{D330484A-9123-48BB-8BB0-FE2BD8F19909}.Release|iPhone.Deploy.0 = Release|Any CPU
		{D330484A-9123-48BB-8BB0-FE2BD8F19909}.Release|iPhoneSimulator.ActiveCfg = Release|Any CPU
		{D330484A-9123-48BB-8BB0-FE2BD8F19909}.Release|iPhoneSimulator.Build.0 = Release|Any CPU
		{D330484A-9123-48BB-8BB0-FE2BD8F19909}.Release|iPhoneSimulator.Deploy.0 = Release|Any CPU
		{D330484A-9123-48BB-8BB0-FE2BD8F19909}.Release|x64.ActiveCfg = Release|Any CPU
		{D330484A-9123-48BB-8BB0-FE2BD8F19909}.Release|x64.Build.0 = Release|Any CPU
		{D330484A-9123-48BB-8BB0-FE2BD8F19909}.Release|x64.Deploy.0 = Release|Any CPU
		{D330484A-9123-48BB-8BB0-FE2BD8F19909}.Release|x86.ActiveCfg = Release|Any CPU
		{D330484A-9123-48BB-8BB0-FE2BD8F19909}.Release|x86.Build.0 = Release|Any CPU
		{D330484A-9123-48BB-8BB0-FE2BD8F19909}.Release|x86.Deploy.0 = Release|Any CPU
	EndGlobalSection
	GlobalSection(SolutionProperties) = preSolution
		HideSolutionNode = FALSE
	EndGlobalSection
	GlobalSection(ExtensibilityGlobals) = postSolution
		SolutionGuid = {D6E3E7A2-2BB8-44A3-B74F-2B4334246550}
	EndGlobalSection
EndGlobal
